
Microsoft Visual Studio Solution File, Format Version 12.00
# Visual Studio Version 16
VisualStudioVersion = 16.0.32413.511
MinimumVisualStudioVersion = 10.0.40219.1
Project("{B1E792BE-AA5F-4E3C-8C82-674BF9C0715B}") = "MotorStarDeltaStarter", "MotorStarDeltaStarter.tsproj", "{5E593B99-75CE-4845-B4C4-FEE748F15E72}"
EndProject
Global
	GlobalSection(SolutionConfigurationPlatforms) = preSolution
		Debug|TwinCAT CE7 (ARMV7) = Debug|TwinCAT CE7 (ARMV7)
		Debug|TwinCAT OS (ARMT2) = Debug|TwinCAT OS (ARMT2)
		Debug|TwinCAT RT (x64) = Debug|TwinCAT RT (x64)
		Debug|TwinCAT RT (x86) = Debug|TwinCAT RT (x86)
		Release|TwinCAT CE7 (ARMV7) = Release|TwinCAT CE7 (ARMV7)
		Release|TwinCAT OS (ARMT2) = Release|TwinCAT OS (ARMT2)
		Release|TwinCAT RT (x64) = Release|TwinCAT RT (x64)
		Release|TwinCAT RT (x86) = Release|TwinCAT RT (x86)
	EndGlobalSection
	GlobalSection(ProjectConfigurationPlatforms) = postSolution
		{5E593B99-75CE-4845-B4C4-FEE748F15E72}.Debug|TwinCAT CE7 (ARMV7).ActiveCfg = Debug|TwinCAT CE7 (ARMV7)
		{5E593B99-75CE-4845-B4C4-FEE748F15E72}.Debug|TwinCAT CE7 (ARMV7).Build.0 = Debug|TwinCAT CE7 (ARMV7)
		{5E593B99-75CE-4845-B4C4-FEE748F15E72}.Debug|TwinCAT OS (ARMT2).ActiveCfg = Debug|TwinCAT OS (ARMT2)
		{5E593B99-75CE-4845-B4C4-FEE748F15E72}.Debug|TwinCAT OS (ARMT2).Build.0 = Debug|TwinCAT OS (ARMT2)
		{5E593B99-75CE-4845-B4C4-FEE748F15E72}.Debug|TwinCAT RT (x64).ActiveCfg = Debug|TwinCAT RT (x64)
		{5E593B99-75CE-4845-B4C4-FEE748F15E72}.Debug|TwinCAT RT (x64).Build.0 = Debug|TwinCAT RT (x64)
		{5E593B99-75CE-4845-B4C4-FEE748F15E72}.Debug|TwinCAT RT (x86).ActiveCfg = Debug|TwinCAT RT (x86)
		{5E593B99-75CE-4845-B4C4-FEE748F15E72}.Debug|TwinCAT RT (x86).Build.0 = Debug|TwinCAT RT (x86)
		{5E593B99-75CE-4845-B4C4-FEE748F15E72}.Release|TwinCAT CE7 (ARMV7).ActiveCfg = Release|TwinCAT CE7 (ARMV7)
		{5E593B99-75CE-4845-B4C4-FEE748F15E72}.Release|TwinCAT CE7 (ARMV7).Build.0 = Release|TwinCAT CE7 (ARMV7)
		{5E593B99-75CE-4845-B4C4-FEE748F15E72}.Release|TwinCAT OS (ARMT2).ActiveCfg = Release|TwinCAT OS (ARMT2)
		{5E593B99-75CE-4845-B4C4-FEE748F15E72}.Release|TwinCAT OS (ARMT2).Build.0 = Release|TwinCAT OS (ARMT2)
		{5E593B99-75CE-4845-B4C4-FEE748F15E72}.Release|TwinCAT RT (x64).ActiveCfg = Release|TwinCAT RT (x64)
		{5E593B99-75CE-4845-B4C4-FEE748F15E72}.Release|TwinCAT RT (x64).Build.0 = Release|TwinCAT RT (x64)
		{5E593B99-75CE-4845-B4C4-FEE748F15E72}.Release|TwinCAT RT (x86).ActiveCfg = Release|TwinCAT RT (x86)
		{5E593B99-75CE-4845-B4C4-FEE748F15E72}.Release|TwinCAT RT (x86).Build.0 = Release|TwinCAT RT (x86)
		{8D3A6024-A25A-472E-945D-2A41442DBA99}.Debug|TwinCAT CE7 (ARMV7).ActiveCfg = Debug|TwinCAT CE7 (ARMV7)
		{8D3A6024-A25A-472E-945D-2A41442DBA99}.Debug|TwinCAT CE7 (ARMV7).Build.0 = Debug|TwinCAT CE7 (ARMV7)
		{8D3A6024-A25A-472E-945D-2A41442DBA99}.Debug|TwinCAT OS (ARMT2).ActiveCfg = Debug|TwinCAT OS (ARMT2)
		{8D3A6024-A25A-472E-945D-2A41442DBA99}.Debug|TwinCAT OS (ARMT2).Build.0 = Debug|TwinCAT OS (ARMT2)
		{8D3A6024-A25A-472E-945D-2A41442DBA99}.Debug|TwinCAT RT (x64).ActiveCfg = Debug|TwinCAT RT (x64)
		{8D3A6024-A25A-472E-945D-2A41442DBA99}.Debug|TwinCAT RT (x64).Build.0 = Debug|TwinCAT RT (x64)
		{8D3A6024-A25A-472E-945D-2A41442DBA99}.Debug|TwinCAT RT (x86).ActiveCfg = Debug|TwinCAT RT (x86)
		{8D3A6024-A25A-472E-945D-2A41442DBA99}.Debug|TwinCAT RT (x86).Build.0 = Debug|TwinCAT RT (x86)
		{8D3A6024-A25A-472E-945D-2A41442DBA99}.Release|TwinCAT CE7 (ARMV7).ActiveCfg = Release|TwinCAT CE7 (ARMV7)
		{8D3A6024-A25A-472E-945D-2A41442DBA99}.Release|TwinCAT CE7 (ARMV7).Build.0 = Release|TwinCAT CE7 (ARMV7)
		{8D3A6024-A25A-472E-945D-2A41442DBA99}.Release|TwinCAT OS (ARMT2).ActiveCfg = Release|TwinCAT OS (ARMT2)
		{8D3A6024-A25A-472E-945D-2A41442DBA99}.Release|TwinCAT OS (ARMT2).Build.0 = Release|TwinCAT OS (ARMT2)
		{8D3A6024-A25A-472E-945D-2A41442DBA99}.Release|TwinCAT RT (x64).ActiveCfg = Release|TwinCAT RT (x64)
		{8D3A6024-A25A-472E-945D-2A41442DBA99}.Release|TwinCAT RT (x64).Build.0 = Release|TwinCAT RT (x64)
		{8D3A6024-A25A-472E-945D-2A41442DBA99}.Release|TwinCAT RT (x86).ActiveCfg = Release|TwinCAT RT (x86)
		{8D3A6024-A25A-472E-945D-2A41442DBA99}.Release|TwinCAT RT (x86).Build.0 = Release|TwinCAT RT (x86)
	EndGlobalSection
	GlobalSection(SolutionProperties) = preSolution
		HideSolutionNode = FALSE
	EndGlobalSection
	GlobalSection(ExtensibilityGlobals) = postSolution
		SolutionGuid = {31AF8AA9-62BE-4BBA-B3E6-903BDF541314}
	EndGlobalSection
EndGlobal
